
Microsoft Visual Studio Solution File, Format Version 12.00
# Visual Studio Version 16
VisualStudioVersion = 16.0.28922.388
MinimumVisualStudioVersion = 10.0.40219.1
Project("{FAE04EC0-301F-11D3-BF4B-00C04F79EFBC}") = "ZControl", "ZControl\ZControl.csproj", "{609A1C47-D439-47C0-A6EB-AC6DAEBEBE57}"
EndProject
Global
	GlobalSection(SolutionConfigurationPlatforms) = preSolution
		Debug|Any CPU = Debug|Any CPU
		Release|Any CPU = Release|Any CPU
	EndGlobalSection
	GlobalSection(ProjectConfigurationPlatforms) = postSolution
		{609A1C47-D439-47C0-A6EB-AC6DAEBEBE57}.Debug|Any CPU.ActiveCfg = Debug|Any CPU
		{609A1C47-D439-47C0-A6EB-AC6DAEBEBE57}.Debug|Any CPU.Build.0 = Debug|Any CPU
		{609A1C47-D439-47C0-A6EB-AC6DAEBEBE57}.Release|Any CPU.ActiveCfg = Release|Any CPU
		{609A1C47-D439-47C0-A6EB-AC6DAEBEBE57}.Release|Any CPU.Build.0 = Release|Any CPU
	EndGlobalSection
	GlobalSection(SolutionProperties) = preSolution
		HideSolutionNode = FALSE
	EndGlobalSection
	GlobalSection(ExtensibilityGlobals) = postSolution
		SolutionGuid = {A913C60C-68BA-400A-A780-729EA9583EA1}
	EndGlobalSection
EndGlobal
